<Solution>
  <Folder Name="/aspire/">
    <Project Path="aspire/BSM.AppHost/BSM.AppHost.csproj" />
    <Project Path="aspire/BSM.ServiceDefaults/BSM.ServiceDefaults.csproj" />
  </Folder>
  <Folder Name="/src/">
    <Project Path="src/BSM.Domain/BSM.Domain.csproj" />
    <Project Path="src/BSM.API/BSM.API.csproj" />
    <Project Path="src/BSM.Application/BSM.Application.csproj" />
    <Project Path="src/BSM.Infrastructure/BSM.Infrastructure.csproj" />
  </Folder>
</Solution>
